
Microsoft Visual Studio Solution File, Format Version 12.00
# Visual Studio Version 17
VisualStudioVersion = 17.8.34322.80
MinimumVisualStudioVersion = 10.0.40219.1
Project("{FAE04EC0-301F-11D3-BF4B-00C04F79EFBC}") = "ReajusteSalarial", "ReajusteSalarial\ReajusteSalarial.csproj", "{34B6297C-9477-4B3A-B33E-7F844E39D34C}"
EndProject
Global
	GlobalSection(SolutionConfigurationPlatforms) = preSolution
		Debug|Any CPU = Debug|Any CPU
		Release|Any CPU = Release|Any CPU
	EndGlobalSection
	GlobalSection(ProjectConfigurationPlatforms) = postSolution
		{34B6297C-9477-4B3A-B33E-7F844E39D34C}.Debug|Any CPU.ActiveCfg = Debug|Any CPU
		{34B6297C-9477-4B3A-B33E-7F844E39D34C}.Debug|Any CPU.Build.0 = Debug|Any CPU
		{34B6297C-9477-4B3A-B33E-7F844E39D34C}.Release|Any CPU.ActiveCfg = Release|Any CPU
		{34B6297C-9477-4B3A-B33E-7F844E39D34C}.Release|Any CPU.Build.0 = Release|Any CPU
	EndGlobalSection
	GlobalSection(SolutionProperties) = preSolution
		HideSolutionNode = FALSE
	EndGlobalSection
	GlobalSection(ExtensibilityGlobals) = postSolution
		SolutionGuid = {007F79B8-BF17-4167-B000-FC1944D578DB}
	EndGlobalSection
EndGlobal
